# THIS IS AN AUTOGENERATED FILE. DO NOT EDIT THIS FILE DIRECTLY.
# yarn lockfile v1


react-native-geolocation-service@^5.3.1:
  version "5.3.1"
  resolved "https://registry.yarnpkg.com/react-native-geolocation-service/-/react-native-geolocation-service-5.3.1.tgz#4ce1017789da6fdfcf7576eb6f59435622af4289"
  integrity sha512-LTXPtPNmrdhx+yeWG47sAaCgQc3nG1z+HLLHlhK/5YfOgfLcAb9HAkhREPjQKPZOUx8pKZMIpdGFUGfJYtimXQ==
